// !$*UTF8*$!
{
	archiveVersion = 1;
	classes = {
	};
	objectVersion = 46;
	objects = {

/* Begin PBXBuildFile section */
		8561CF141F42FC1900FC7E7A /* MainViewController.swift in Sources */ = {isa = PBXBuildFile; fileRef = 8561CF131F42FC1900FC7E7A /* MainViewController.swift */; };
		8561CF161F42FC2400FC7E7A /* MainViewModel.swift in Sources */ = {isa = PBXBuildFile; fileRef = 8561CF151F42FC2400FC7E7A /* MainViewModel.swift */; };
		8561CF1E1F43482200FC7E7A /* MyCalculatorTests.swift in Sources */ = {isa = PBXBuildFile; fileRef = 8561CF1D1F43482200FC7E7A /* MyCalculatorTests.swift */; };
		85B0B81B1F42EFCC0040B83E /* AppDelegate.swift in Sources */ = {isa = PBXBuildFile; fileRef = 85B0B81A1F42EFCC0040B83E /* AppDelegate.swift */; };
		85B0B8201F42EFCC0040B83E /* Main.storyboard in Resources */ = {isa = PBXBuildFile; fileRef = 85B0B81E1F42EFCC0040B83E /* Main.storyboard */; };
		85B0B8221F42EFCC0040B83E /* Assets.xcassets in Resources */ = {isa = PBXBuildFile; fileRef = 85B0B8211F42EFCC0040B83E /* Assets.xcassets */; };
		85B0B8251F42EFCC0040B83E /* LaunchScreen.storyboard in Resources */ = {isa = PBXBuildFile; fileRef = 85B0B8231F42EFCC0040B83E /* LaunchScreen.storyboard */; };
		9DD4F4131F43176C003E4941 /* MyCalculatorTests.swift in Sources */ = {isa = PBXBuildFile; fileRef = 9DD4F4121F43176C003E4941 /* MyCalculatorTests.swift */; };
		FDB01AA2739B3FFDE8D9A8F8 /* Pods_MyCalculator.framework in Frameworks */ = {isa = PBXBuildFile; fileRef = 5D2DC18E943D5D7E4F83AA0C /* Pods_MyCalculator.framework */; };
/* End PBXBuildFile section */

/* Begin PBXContainerItemProxy section */
		9DD4F4151F43176C003E4941 /* PBXContainerItemProxy */ = {
			isa = PBXContainerItemProxy;
			containerPortal = 85B0B80F1F42EFCC0040B83E /* Project object */;
			proxyType = 1;
			remoteGlobalIDString = 85B0B8161F42EFCC0040B83E;
			remoteInfo = MyCalculator;
		};
/* End PBXContainerItemProxy section */

/* Begin PBXFileReference section */
		5D2DC18E943D5D7E4F83AA0C /* Pods_MyCalculator.framework */ = {isa = PBXFileReference; explicitFileType = wrapper.framework; includeInIndex = 0; path = Pods_MyCalculator.framework; sourceTree = BUILT_PRODUCTS_DIR; };
		8561CF131F42FC1900FC7E7A /* MainViewController.swift */ = {isa = PBXFileReference; fileEncoding = 4; lastKnownFileType = sourcecode.swift; path = MainViewController.swift; sourceTree = "<group>"; };
		8561CF151F42FC2400FC7E7A /* MainViewModel.swift */ = {isa = PBXFileReference; fileEncoding = 4; lastKnownFileType = sourcecode.swift; path = MainViewModel.swift; sourceTree = "<group>"; };
		8561CF1B1F43482200FC7E7A /* MyCalculatorTests.xctest */ = {isa = PBXFileReference; explicitFileType = wrapper.cfbundle; includeInIndex = 0; path = MyCalculatorTests.xctest; sourceTree = BUILT_PRODUCTS_DIR; };
		8561CF1D1F43482200FC7E7A /* MyCalculatorTests.swift */ = {isa = PBXFileReference; lastKnownFileType = sourcecode.swift; path = MyCalculatorTests.swift; sourceTree = "<group>"; };
		8561CF1F1F43482200FC7E7A /* Info.plist */ = {isa = PBXFileReference; lastKnownFileType = text.plist.xml; path = Info.plist; sourceTree = "<group>"; };
		85B0B8171F42EFCC0040B83E /* MyCalculator.app */ = {isa = PBXFileReference; explicitFileType = wrapper.application; includeInIndex = 0; path = MyCalculator.app; sourceTree = BUILT_PRODUCTS_DIR; };
		85B0B81A1F42EFCC0040B83E /* AppDelegate.swift */ = {isa = PBXFileReference; lastKnownFileType = sourcecode.swift; path = AppDelegate.swift; sourceTree = "<group>"; };
		85B0B81F1F42EFCC0040B83E /* Base */ = {isa = PBXFileReference; lastKnownFileType = file.storyboard; name = Base; path = Base.lproj/Main.storyboard; sourceTree = "<group>"; };
		85B0B8211F42EFCC0040B83E /* Assets.xcassets */ = {isa = PBXFileReference; lastKnownFileType = folder.assetcatalog; path = Assets.xcassets; sourceTree = "<group>"; };
		85B0B8241F42EFCC0040B83E /* Base */ = {isa = PBXFileReference; lastKnownFileType = file.storyboard; name = Base; path = Base.lproj/LaunchScreen.storyboard; sourceTree = "<group>"; };
		85B0B8261F42EFCC0040B83E /* Info.plist */ = {isa = PBXFileReference; lastKnownFileType = text.plist.xml; path = Info.plist; sourceTree = "<group>"; };
		9DD4F4101F43176C003E4941 /* MyCalculatorTests.xctest */ = {isa = PBXFileReference; explicitFileType = wrapper.cfbundle; includeInIndex = 0; path = MyCalculatorTests.xctest; sourceTree = BUILT_PRODUCTS_DIR; };
		9DD4F4121F43176C003E4941 /* MyCalculatorTests.swift */ = {isa = PBXFileReference; lastKnownFileType = sourcecode.swift; path = MyCalculatorTests.swift; sourceTree = "<group>"; };
		9DD4F4141F43176C003E4941 /* Info.plist */ = {isa = PBXFileReference; lastKnownFileType = text.plist.xml; path = Info.plist; sourceTree = "<group>"; };
		C33CA480DE75E2E2A96F8941 /* Pods-MyCalculator.debug.xcconfig */ = {isa = PBXFileReference; includeInIndex = 1; lastKnownFileType = text.xcconfig; name = "Pods-MyCalculator.debug.xcconfig"; path = "Pods/Target Support Files/Pods-MyCalculator/Pods-MyCalculator.debug.xcconfig"; sourceTree = "<group>"; };
		DC5FC5D6044D01E21061F7E9 /* Pods-MyCalculatorTests.debug.xcconfig */ = {isa = PBXFileReference; includeInIndex = 1; lastKnownFileType = text.xcconfig; name = "Pods-MyCalculatorTests.debug.xcconfig"; path = "Pods/Target Support Files/Pods-MyCalculatorTests/Pods-MyCalculatorTests.debug.xcconfig"; sourceTree = "<group>"; };
		F518559B333257E0EECAD473 /* Pods-MyCalculator.release.xcconfig */ = {isa = PBXFileReference; includeInIndex = 1; lastKnownFileType = text.xcconfig; name = "Pods-MyCalculator.release.xcconfig"; path = "Pods/Target Support Files/Pods-MyCalculator/Pods-MyCalculator.release.xcconfig"; sourceTree = "<group>"; };
/* End PBXFileReference section */

/* Begin PBXFrameworksBuildPhase section */
		8561CF181F43482200FC7E7A /* Frameworks */ = {
			isa = PBXFrameworksBuildPhase;
			buildActionMask = 2147483647;
			files = (
				B8310F476173698E629660E4 /* Pods_MyCalculatorTests.framework in Frameworks */,
			);
			runOnlyForDeploymentPostprocessing = 0;
		};
		85B0B8141F42EFCC0040B83E /* Frameworks */ = {
			isa = PBXFrameworksBuildPhase;
			buildActionMask = 2147483647;
			files = (
				FDB01AA2739B3FFDE8D9A8F8 /* Pods_MyCalculator.framework in Frameworks */,
			);
			runOnlyForDeploymentPostprocessing = 0;
		};
		9DD4F40D1F43176C003E4941 /* Frameworks */ = {
			isa = PBXFrameworksBuildPhase;
			buildActionMask = 2147483647;
			files = (
			);
			runOnlyForDeploymentPostprocessing = 0;
		};
/* End PBXFrameworksBuildPhase section */

/* Begin PBXGroup section */
		79A45BAB32D0125FBEA79E90 /* Pods */ = {
			isa = PBXGroup;
			children = (
				C33CA480DE75E2E2A96F8941 /* Pods-MyCalculator.debug.xcconfig */,
				F518559B333257E0EECAD473 /* Pods-MyCalculator.release.xcconfig */,
				DC5FC5D6044D01E21061F7E9 /* Pods-MyCalculatorTests.debug.xcconfig */,
				BD0FD9B37732CD4816C8236B /* Pods-MyCalculatorTests.release.xcconfig */,
			);
			name = Pods;
			sourceTree = "<group>";
		};
		8561CF121F42FC1100FC7E7A /* Main */ = {
			isa = PBXGroup;
			children = (
				8561CF131F42FC1900FC7E7A /* MainViewController.swift */,
				8561CF151F42FC2400FC7E7A /* MainViewModel.swift */,
			);
			path = Main;
			sourceTree = "<group>";
		};
		8561CF1C1F43482200FC7E7A /* MyCalculatorTests */ = {
			isa = PBXGroup;
			children = (
				8561CF1D1F43482200FC7E7A /* MyCalculatorTests.swift */,
				8561CF1F1F43482200FC7E7A /* Info.plist */,
			);
			path = MyCalculatorTests;
			sourceTree = "<group>";
		};
		85B0B80E1F42EFCC0040B83E = {
			isa = PBXGroup;
			children = (
				85B0B8191F42EFCC0040B83E /* MyCalculator */,
				9DD4F4111F43176C003E4941 /* MyCalculatorTests */,
				85B0B8181F42EFCC0040B83E /* Products */,
				79A45BAB32D0125FBEA79E90 /* Pods */,
				CA8FAD5A390079449B1ECAEC /* Frameworks */,
			);
			sourceTree = "<group>";
		};
		85B0B8181F42EFCC0040B83E /* Products */ = {
			isa = PBXGroup;
			children = (
				85B0B8171F42EFCC0040B83E /* MyCalculator.app */,
				9DD4F4101F43176C003E4941 /* MyCalculatorTests.xctest */,
			);
			name = Products;
			sourceTree = "<group>";
		};
		85B0B8191F42EFCC0040B83E /* MyCalculator */ = {
			isa = PBXGroup;
			children = (
				8561CF121F42FC1100FC7E7A /* Main */,
				85B0B81A1F42EFCC0040B83E /* AppDelegate.swift */,
				85B0B81E1F42EFCC0040B83E /* Main.storyboard */,
				85B0B8211F42EFCC0040B83E /* Assets.xcassets */,
				85B0B8231F42EFCC0040B83E /* LaunchScreen.storyboard */,
				85B0B8261F42EFCC0040B83E /* Info.plist */,
			);
			path = MyCalculator;
			sourceTree = "<group>";
		};
		9DD4F4111F43176C003E4941 /* MyCalculatorTests */ = {
			isa = PBXGroup;
			children = (
				9DD4F4121F43176C003E4941 /* MyCalculatorTests.swift */,
				9DD4F4141F43176C003E4941 /* Info.plist */,
			);
			path = MyCalculatorTests;
			sourceTree = "<group>";
		};
		CA8FAD5A390079449B1ECAEC /* Frameworks */ = {
			isa = PBXGroup;
			children = (
				5D2DC18E943D5D7E4F83AA0C /* Pods_MyCalculator.framework */,
				BEA1E6BDB5ED61195EA6816E /* Pods_MyCalculatorTests.framework */,
			);
			name = Frameworks;
			sourceTree = "<group>";
		};
/* End PBXGroup section */

/* Begin PBXNativeTarget section */
		8561CF1A1F43482200FC7E7A /* MyCalculatorTests */ = {
			isa = PBXNativeTarget;
			buildConfigurationList = 8561CF221F43482200FC7E7A /* Build configuration list for PBXNativeTarget "MyCalculatorTests" */;
			buildPhases = (
				12B29EDCACE327E3D1C9BE04 /* [CP] Check Pods Manifest.lock */,
				8561CF171F43482200FC7E7A /* Sources */,
				8561CF181F43482200FC7E7A /* Frameworks */,
				8561CF191F43482200FC7E7A /* Resources */,
				A21EA3118FD815F232D89BAA /* [CP] Embed Pods Frameworks */,
				C67A0C9CC68EE16209F03603 /* [CP] Copy Pods Resources */,
			);
			buildRules = (
			);
			dependencies = (
				8561CF211F43482200FC7E7A /* PBXTargetDependency */,
			);
			name = MyCalculatorTests;
			productName = MyCalculatorTests;
			productReference = 8561CF1B1F43482200FC7E7A /* MyCalculatorTests.xctest */;
			productType = "com.apple.product-type.bundle.unit-test";
		};
		85B0B8161F42EFCC0040B83E /* MyCalculator */ = {
			isa = PBXNativeTarget;
			buildConfigurationList = 85B0B8291F42EFCC0040B83E /* Build configuration list for PBXNativeTarget "MyCalculator" */;
			buildPhases = (
				7AE9EAB1A0822F04678C5410 /* [CP] Check Pods Manifest.lock */,
				85B0B8131F42EFCC0040B83E /* Sources */,
				85B0B8141F42EFCC0040B83E /* Frameworks */,
				85B0B8151F42EFCC0040B83E /* Resources */,
				620111741A73A43C6D619C3A /* [CP] Embed Pods Frameworks */,
				15F839054017819EAB154F17 /* [CP] Copy Pods Resources */,
			);
			buildRules = (
			);
			dependencies = (
			);
			name = MyCalculator;
			productName = MyCalculator;
			productReference = 85B0B8171F42EFCC0040B83E /* MyCalculator.app */;
			productType = "com.apple.product-type.application";
		};
		9DD4F40F1F43176C003E4941 /* MyCalculatorTests */ = {
			isa = PBXNativeTarget;
			buildConfigurationList = 9DD4F4191F43176C003E4941 /* Build configuration list for PBXNativeTarget "MyCalculatorTests" */;
			buildPhases = (
				9DD4F40C1F43176C003E4941 /* Sources */,
				9DD4F40D1F43176C003E4941 /* Frameworks */,
				9DD4F40E1F43176C003E4941 /* Resources */,
			);
			buildRules = (
			);
			dependencies = (
				9DD4F4161F43176C003E4941 /* PBXTargetDependency */,
			);
			name = MyCalculatorTests;
			productName = MyCalculatorTests;
			productReference = 9DD4F4101F43176C003E4941 /* MyCalculatorTests.xctest */;
			productType = "com.apple.product-type.bundle.unit-test";
		};
/* End PBXNativeTarget section */

/* Begin PBXProject section */
		85B0B80F1F42EFCC0040B83E /* Project object */ = {
			isa = PBXProject;
			attributes = {
				LastSwiftUpdateCheck = 0830;
				LastUpgradeCheck = 0830;
				ORGANIZATIONNAME = "AKKHARAWAT CHAYAPIWAT";
				TargetAttributes = {
					8561CF1A1F43482200FC7E7A = {
						CreatedOnToolsVersion = 8.3.3;
						ProvisioningStyle = Automatic;
						TestTargetID = 85B0B8161F42EFCC0040B83E;
					};
					85B0B8161F42EFCC0040B83E = {
						CreatedOnToolsVersion = 8.3.3;
						ProvisioningStyle = Automatic;
					};
					9DD4F40F1F43176C003E4941 = {
						CreatedOnToolsVersion = 8.3.2;
						ProvisioningStyle = Automatic;
						TestTargetID = 85B0B8161F42EFCC0040B83E;
					};
				};
			};
			buildConfigurationList = 85B0B8121F42EFCC0040B83E /* Build configuration list for PBXProject "MyCalculator" */;
			compatibilityVersion = "Xcode 3.2";
			developmentRegion = English;
			hasScannedForEncodings = 0;
			knownRegions = (
				en,
				Base,
			);
			mainGroup = 85B0B80E1F42EFCC0040B83E;
			productRefGroup = 85B0B8181F42EFCC0040B83E /* Products */;
			projectDirPath = "";
			projectRoot = "";
			targets = (
				85B0B8161F42EFCC0040B83E /* MyCalculator */,
				9DD4F40F1F43176C003E4941 /* MyCalculatorTests */,
			);
		};
/* End PBXProject section */

/* Begin PBXResourcesBuildPhase section */
		8561CF191F43482200FC7E7A /* Resources */ = {
			isa = PBXResourcesBuildPhase;
			buildActionMask = 2147483647;
			files = (
			);
			runOnlyForDeploymentPostprocessing = 0;
		};
		85B0B8151F42EFCC0040B83E /* Resources */ = {
			isa = PBXResourcesBuildPhase;
			buildActionMask = 2147483647;
			files = (
				85B0B8251F42EFCC0040B83E /* LaunchScreen.storyboard in Resources */,
				85B0B8221F42EFCC0040B83E /* Assets.xcassets in Resources */,
				85B0B8201F42EFCC0040B83E /* Main.storyboard in Resources */,
			);
			runOnlyForDeploymentPostprocessing = 0;
		};
		9DD4F40E1F43176C003E4941 /* Resources */ = {
			isa = PBXResourcesBuildPhase;
			buildActionMask = 2147483647;
			files = (
			);
			runOnlyForDeploymentPostprocessing = 0;
		};
/* End PBXResourcesBuildPhase section */

/* Begin PBXShellScriptBuildPhase section */
		12B29EDCACE327E3D1C9BE04 /* [CP] Check Pods Manifest.lock */ = {
			isa = PBXShellScriptBuildPhase;
			buildActionMask = 2147483647;
			files = (
			);
			inputPaths = (
			);
			name = "[CP] Check Pods Manifest.lock";
			outputPaths = (
			);
			runOnlyForDeploymentPostprocessing = 0;
			shellPath = /bin/sh;
			shellScript = "diff \"${PODS_PODFILE_DIR_PATH}/Podfile.lock\" \"${PODS_ROOT}/Manifest.lock\" > /dev/null\nif [ $? != 0 ] ; then\n    # print error to STDERR\n    echo \"error: The sandbox is not in sync with the Podfile.lock. Run 'pod install' or update your CocoaPods installation.\" >&2\n    exit 1\nfi\n";
			showEnvVarsInLog = 0;
		};
		15F839054017819EAB154F17 /* [CP] Copy Pods Resources */ = {
			isa = PBXShellScriptBuildPhase;
			buildActionMask = 2147483647;
			files = (
			);
			inputPaths = (
			);
			name = "[CP] Copy Pods Resources";
			outputPaths = (
			);
			runOnlyForDeploymentPostprocessing = 0;
			shellPath = /bin/sh;
			shellScript = "\"${SRCROOT}/Pods/Target Support Files/Pods-MyCalculator/Pods-MyCalculator-resources.sh\"\n";
			showEnvVarsInLog = 0;
		};
		620111741A73A43C6D619C3A /* [CP] Embed Pods Frameworks */ = {
			isa = PBXShellScriptBuildPhase;
			buildActionMask = 2147483647;
			files = (
			);
			inputPaths = (
			);
			name = "[CP] Embed Pods Frameworks";
			outputPaths = (
			);
			runOnlyForDeploymentPostprocessing = 0;
			shellPath = /bin/sh;
			shellScript = "\"${SRCROOT}/Pods/Target Support Files/Pods-MyCalculator/Pods-MyCalculator-frameworks.sh\"\n";
			showEnvVarsInLog = 0;
		};
		7AE9EAB1A0822F04678C5410 /* [CP] Check Pods Manifest.lock */ = {
			isa = PBXShellScriptBuildPhase;
			buildActionMask = 2147483647;
			files = (
			);
			inputPaths = (
			);
			name = "[CP] Check Pods Manifest.lock";
			outputPaths = (
			);
			runOnlyForDeploymentPostprocessing = 0;
			shellPath = /bin/sh;
			shellScript = "diff \"${PODS_PODFILE_DIR_PATH}/Podfile.lock\" \"${PODS_ROOT}/Manifest.lock\" > /dev/null\nif [ $? != 0 ] ; then\n    # print error to STDERR\n    echo \"error: The sandbox is not in sync with the Podfile.lock. Run 'pod install' or update your CocoaPods installation.\" >&2\n    exit 1\nfi\n";
			showEnvVarsInLog = 0;
		};
		A21EA3118FD815F232D89BAA /* [CP] Embed Pods Frameworks */ = {
			isa = PBXShellScriptBuildPhase;
			buildActionMask = 2147483647;
			files = (
			);
			inputPaths = (
			);
			name = "[CP] Embed Pods Frameworks";
			outputPaths = (
			);
			runOnlyForDeploymentPostprocessing = 0;
			shellPath = /bin/sh;
			shellScript = "\"${SRCROOT}/Pods/Target Support Files/Pods-MyCalculatorTests/Pods-MyCalculatorTests-frameworks.sh\"\n";
			showEnvVarsInLog = 0;
		};
		C67A0C9CC68EE16209F03603 /* [CP] Copy Pods Resources */ = {
			isa = PBXShellScriptBuildPhase;
			buildActionMask = 2147483647;
			files = (
			);
			inputPaths = (
			);
			name = "[CP] Copy Pods Resources";
			outputPaths = (
			);
			runOnlyForDeploymentPostprocessing = 0;
			shellPath = /bin/sh;
			shellScript = "\"${SRCROOT}/Pods/Target Support Files/Pods-MyCalculatorTests/Pods-MyCalculatorTests-resources.sh\"\n";
			showEnvVarsInLog = 0;
		};
/* End PBXShellScriptBuildPhase section */

/* Begin PBXSourcesBuildPhase section */
		8561CF171F43482200FC7E7A /* Sources */ = {
			isa = PBXSourcesBuildPhase;
			buildActionMask = 2147483647;
			files = (
				8561CF1E1F43482200FC7E7A /* MyCalculatorTests.swift in Sources */,
			);
			runOnlyForDeploymentPostprocessing = 0;
		};
		85B0B8131F42EFCC0040B83E /* Sources */ = {
			isa = PBXSourcesBuildPhase;
			buildActionMask = 2147483647;
			files = (
				8561CF141F42FC1900FC7E7A /* MainViewController.swift in Sources */,
				85B0B81B1F42EFCC0040B83E /* AppDelegate.swift in Sources */,
				8561CF161F42FC2400FC7E7A /* MainViewModel.swift in Sources */,
			);
			runOnlyForDeploymentPostprocessing = 0;
		};
		9DD4F40C1F43176C003E4941 /* Sources */ = {
			isa = PBXSourcesBuildPhase;
			buildActionMask = 2147483647;
			files = (
				9DD4F4131F43176C003E4941 /* MyCalculatorTests.swift in Sources */,
			);
			runOnlyForDeploymentPostprocessing = 0;
		};
/* End PBXSourcesBuildPhase section */

/* Begin PBXTargetDependency section */
		9DD4F4161F43176C003E4941 /* PBXTargetDependency */ = {
			isa = PBXTargetDependency;
			target = 85B0B8161F42EFCC0040B83E /* MyCalculator */;
			targetProxy = 9DD4F4151F43176C003E4941 /* PBXContainerItemProxy */;
		};
/* End PBXTargetDependency section */

/* Begin PBXVariantGroup section */
		85B0B81E1F42EFCC0040B83E /* Main.storyboard */ = {
			isa = PBXVariantGroup;
			children = (
				85B0B81F1F42EFCC0040B83E /* Base */,
			);
			name = Main.storyboard;
			sourceTree = "<group>";
		};
		85B0B8231F42EFCC0040B83E /* LaunchScreen.storyboard */ = {
			isa = PBXVariantGroup;
			children = (
				85B0B8241F42EFCC0040B83E /* Base */,
			);
			name = LaunchScreen.storyboard;
			sourceTree = "<group>";
		};
/* End PBXVariantGroup section */

/* Begin XCBuildConfiguration section */
		8561CF231F43482200FC7E7A /* Debug */ = {
			isa = XCBuildConfiguration;
			baseConfigurationReference = DC5FC5D6044D01E21061F7E9 /* Pods-MyCalculatorTests.debug.xcconfig */;
			buildSettings = {
				BUNDLE_LOADER = "$(TEST_HOST)";
				INFOPLIST_FILE = MyCalculatorTests/Info.plist;
				LD_RUNPATH_SEARCH_PATHS = "$(inherited) @executable_path/Frameworks @loader_path/Frameworks";
				PRODUCT_BUNDLE_IDENTIFIER = com.github.helloCore.MyCalculatorTests;
				PRODUCT_NAME = "$(TARGET_NAME)";
				SWIFT_VERSION = 3.0;
				TEST_HOST = "$(BUILT_PRODUCTS_DIR)/MyCalculator.app/MyCalculator";
			};
			name = Debug;
		};
		8561CF241F43482200FC7E7A /* Release */ = {
			isa = XCBuildConfiguration;
			baseConfigurationReference = BD0FD9B37732CD4816C8236B /* Pods-MyCalculatorTests.release.xcconfig */;
			buildSettings = {
				BUNDLE_LOADER = "$(TEST_HOST)";
				INFOPLIST_FILE = MyCalculatorTests/Info.plist;
				LD_RUNPATH_SEARCH_PATHS = "$(inherited) @executable_path/Frameworks @loader_path/Frameworks";
				PRODUCT_BUNDLE_IDENTIFIER = com.github.helloCore.MyCalculatorTests;
				PRODUCT_NAME = "$(TARGET_NAME)";
				SWIFT_VERSION = 3.0;
				TEST_HOST = "$(BUILT_PRODUCTS_DIR)/MyCalculator.app/MyCalculator";
			};
			name = Release;
		};
		85B0B8271F42EFCC0040B83E /* Debug */ = {
			isa = XCBuildConfiguration;
			buildSettings = {
				ALWAYS_SEARCH_USER_PATHS = NO;
				CLANG_ANALYZER_NONNULL = YES;
				CLANG_ANALYZER_NUMBER_OBJECT_CONVERSION = YES_AGGRESSIVE;
				CLANG_CXX_LANGUAGE_STANDARD = "gnu++0x";
				CLANG_CXX_LIBRARY = "libc++";
				CLANG_ENABLE_MODULES = YES;
				CLANG_ENABLE_OBJC_ARC = YES;
				CLANG_WARN_BOOL_CONVERSION = YES;
				CLANG_WARN_CONSTANT_CONVERSION = YES;
				CLANG_WARN_DIRECT_OBJC_ISA_USAGE = YES_ERROR;
				CLANG_WARN_DOCUMENTATION_COMMENTS = YES;
				CLANG_WARN_EMPTY_BODY = YES;
				CLANG_WARN_ENUM_CONVERSION = YES;
				CLANG_WARN_INFINITE_RECURSION = YES;
				CLANG_WARN_INT_CONVERSION = YES;
				CLANG_WARN_OBJC_ROOT_CLASS = YES_ERROR;
				CLANG_WARN_SUSPICIOUS_MOVE = YES;
				CLANG_WARN_UNREACHABLE_CODE = YES;
				CLANG_WARN__DUPLICATE_METHOD_MATCH = YES;
				"CODE_SIGN_IDENTITY[sdk=iphoneos*]" = "iPhone Developer";
				COPY_PHASE_STRIP = NO;
				DEBUG_INFORMATION_FORMAT = dwarf;
				ENABLE_STRICT_OBJC_MSGSEND = YES;
				ENABLE_TESTABILITY = YES;
				GCC_C_LANGUAGE_STANDARD = gnu99;
				GCC_DYNAMIC_NO_PIC = NO;
				GCC_NO_COMMON_BLOCKS = YES;
				GCC_OPTIMIZATION_LEVEL = 0;
				GCC_PREPROCESSOR_DEFINITIONS = (
					"DEBUG=1",
					"$(inherited)",
				);
				GCC_WARN_64_TO_32_BIT_CONVERSION = YES;
				GCC_WARN_ABOUT_RETURN_TYPE = YES_ERROR;
				GCC_WARN_UNDECLARED_SELECTOR = YES;
				GCC_WARN_UNINITIALIZED_AUTOS = YES_AGGRESSIVE;
				GCC_WARN_UNUSED_FUNCTION = YES;
				GCC_WARN_UNUSED_VARIABLE = YES;
				IPHONEOS_DEPLOYMENT_TARGET = 10.3;
				MTL_ENABLE_DEBUG_INFO = YES;
				ONLY_ACTIVE_ARCH = YES;
				SDKROOT = iphoneos;
				SWIFT_ACTIVE_COMPILATION_CONDITIONS = DEBUG;
				SWIFT_OPTIMIZATION_LEVEL = "-Onone";
			};
			name = Debug;
		};
		85B0B8281F42EFCC0040B83E /* Release */ = {
			isa = XCBuildConfiguration;
			buildSettings = {
				ALWAYS_SEARCH_USER_PATHS = NO;
				CLANG_ANALYZER_NONNULL = YES;
				CLANG_ANALYZER_NUMBER_OBJECT_CONVERSION = YES_AGGRESSIVE;
				CLANG_CXX_LANGUAGE_STANDARD = "gnu++0x";
				CLANG_CXX_LIBRARY = "libc++";
				CLANG_ENABLE_MODULES = YES;
				CLANG_ENABLE_OBJC_ARC = YES;
				CLANG_WARN_BOOL_CONVERSION = YES;
				CLANG_WARN_CONSTANT_CONVERSION = YES;
				CLANG_WARN_DIRECT_OBJC_ISA_USAGE = YES_ERROR;
				CLANG_WARN_DOCUMENTATION_COMMENTS = YES;
				CLANG_WARN_EMPTY_BODY = YES;
				CLANG_WARN_ENUM_CONVERSION = YES;
				CLANG_WARN_INFINITE_RECURSION = YES;
				CLANG_WARN_INT_CONVERSION = YES;
				CLANG_WARN_OBJC_ROOT_CLASS = YES_ERROR;
				CLANG_WARN_SUSPICIOUS_MOVE = YES;
				CLANG_WARN_UNREACHABLE_CODE = YES;
				CLANG_WARN__DUPLICATE_METHOD_MATCH = YES;
				"CODE_SIGN_IDENTITY[sdk=iphoneos*]" = "iPhone Developer";
				COPY_PHASE_STRIP = NO;
				DEBUG_INFORMATION_FORMAT = "dwarf-with-dsym";
				ENABLE_NS_ASSERTIONS = NO;
				ENABLE_STRICT_OBJC_MSGSEND = YES;
				GCC_C_LANGUAGE_STANDARD = gnu99;
				GCC_NO_COMMON_BLOCKS = YES;
				GCC_WARN_64_TO_32_BIT_CONVERSION = YES;
				GCC_WARN_ABOUT_RETURN_TYPE = YES_ERROR;
				GCC_WARN_UNDECLARED_SELECTOR = YES;
				GCC_WARN_UNINITIALIZED_AUTOS = YES_AGGRESSIVE;
				GCC_WARN_UNUSED_FUNCTION = YES;
				GCC_WARN_UNUSED_VARIABLE = YES;
				IPHONEOS_DEPLOYMENT_TARGET = 10.3;
				MTL_ENABLE_DEBUG_INFO = NO;
				SDKROOT = iphoneos;
				SWIFT_OPTIMIZATION_LEVEL = "-Owholemodule";
				VALIDATE_PRODUCT = YES;
			};
			name = Release;
		};
		85B0B82A1F42EFCC0040B83E /* Debug */ = {
			isa = XCBuildConfiguration;
			baseConfigurationReference = C33CA480DE75E2E2A96F8941 /* Pods-MyCalculator.debug.xcconfig */;
			buildSettings = {
				ASSETCATALOG_COMPILER_APPICON_NAME = AppIcon;
				INFOPLIST_FILE = MyCalculator/Info.plist;
				LD_RUNPATH_SEARCH_PATHS = "$(inherited) @executable_path/Frameworks";
				PRODUCT_BUNDLE_IDENTIFIER = com.github.helloCore.MyCalculator;
				PRODUCT_NAME = "$(TARGET_NAME)";
				SWIFT_VERSION = 3.0;
			};
			name = Debug;
		};
		85B0B82B1F42EFCC0040B83E /* Release */ = {
			isa = XCBuildConfiguration;
			baseConfigurationReference = F518559B333257E0EECAD473 /* Pods-MyCalculator.release.xcconfig */;
			buildSettings = {
				ASSETCATALOG_COMPILER_APPICON_NAME = AppIcon;
				INFOPLIST_FILE = MyCalculator/Info.plist;
				LD_RUNPATH_SEARCH_PATHS = "$(inherited) @executable_path/Frameworks";
				PRODUCT_BUNDLE_IDENTIFIER = com.github.helloCore.MyCalculator;
				PRODUCT_NAME = "$(TARGET_NAME)";
				SWIFT_VERSION = 3.0;
			};
			name = Release;
		};
		9DD4F4171F43176C003E4941 /* Debug */ = {
			isa = XCBuildConfiguration;
			buildSettings = {
				BUNDLE_LOADER = "$(TEST_HOST)";
				INFOPLIST_FILE = MyCalculatorTests/Info.plist;
				LD_RUNPATH_SEARCH_PATHS = "$(inherited) @executable_path/Frameworks @loader_path/Frameworks";
				PRODUCT_BUNDLE_IDENTIFIER = th.co.mfec.MyCalculatorTests;
				PRODUCT_NAME = "$(TARGET_NAME)";
				SWIFT_VERSION = 3.0;
				TEST_HOST = "$(BUILT_PRODUCTS_DIR)/MyCalculator.app/MyCalculator";
			};
			name = Debug;
		};
		9DD4F4181F43176C003E4941 /* Release */ = {
			isa = XCBuildConfiguration;
			buildSettings = {
				BUNDLE_LOADER = "$(TEST_HOST)";
				INFOPLIST_FILE = MyCalculatorTests/Info.plist;
				LD_RUNPATH_SEARCH_PATHS = "$(inherited) @executable_path/Frameworks @loader_path/Frameworks";
				PRODUCT_BUNDLE_IDENTIFIER = th.co.mfec.MyCalculatorTests;
				PRODUCT_NAME = "$(TARGET_NAME)";
				SWIFT_VERSION = 3.0;
				TEST_HOST = "$(BUILT_PRODUCTS_DIR)/MyCalculator.app/MyCalculator";
			};
			name = Release;
		};
/* End XCBuildConfiguration section */

/* Begin XCConfigurationList section */
		8561CF221F43482200FC7E7A /* Build configuration list for PBXNativeTarget "MyCalculatorTests" */ = {
			isa = XCConfigurationList;
			buildConfigurations = (
				8561CF231F43482200FC7E7A /* Debug */,
				8561CF241F43482200FC7E7A /* Release */,
			);
			defaultConfigurationIsVisible = 0;
		};
		85B0B8121F42EFCC0040B83E /* Build configuration list for PBXProject "MyCalculator" */ = {
			isa = XCConfigurationList;
			buildConfigurations = (
				85B0B8271F42EFCC0040B83E /* Debug */,
				85B0B8281F42EFCC0040B83E /* Release */,
			);
			defaultConfigurationIsVisible = 0;
			defaultConfigurationName = Release;
		};
		85B0B8291F42EFCC0040B83E /* Build configuration list for PBXNativeTarget "MyCalculator" */ = {
			isa = XCConfigurationList;
			buildConfigurations = (
				85B0B82A1F42EFCC0040B83E /* Debug */,
				85B0B82B1F42EFCC0040B83E /* Release */,
			);
			defaultConfigurationIsVisible = 0;
			defaultConfigurationName = Release;
		};
		9DD4F4191F43176C003E4941 /* Build configuration list for PBXNativeTarget "MyCalculatorTests" */ = {
			isa = XCConfigurationList;
			buildConfigurations = (
				9DD4F4171F43176C003E4941 /* Debug */,
				9DD4F4181F43176C003E4941 /* Release */,
			);
			defaultConfigurationIsVisible = 0;
		};
/* End XCConfigurationList section */
	};
	rootObject = 85B0B80F1F42EFCC0040B83E /* Project object */;
}
