PODS:
  - RxCocoa (3.4.1):
    - RxSwift (~> 3.4)
  - RxSwift (3.4.1)

DEPENDENCIES:
  - RxCocoa
  - RxSwift

SPEC CHECKSUMS:
  RxCocoa: a8a5f1d061d0043e28f56976829f31ce63e8eb09
  RxSwift: 656f8fbeca5bc372121a72d9ebdd3cd3bc0ffade

PODFILE CHECKSUM: b2463485ac0d3bc1cd5b86849dd6610f9d1a3533

COCOAPODS: 1.2.1
